
Microsoft Visual Studio Solution File, Format Version 12.00
# Visual Studio Version 16
VisualStudioVersion = 16.0.30204.135
MinimumVisualStudioVersion = 10.0.40219.1
Project("{FAE04EC0-301F-11D3-BF4B-00C04F79EFBC}") = "delegates", "delegates\delegates.csproj", "{5B0C7056-A03B-40B3-AB04-9CFD1064A81C}"
EndProject
Global
	GlobalSection(SolutionConfigurationPlatforms) = preSolution
		Debug|Any CPU = Debug|Any CPU
		Release|Any CPU = Release|Any CPU
	EndGlobalSection
	GlobalSection(ProjectConfigurationPlatforms) = postSolution
		{5B0C7056-A03B-40B3-AB04-9CFD1064A81C}.Debug|Any CPU.ActiveCfg = Debug|Any CPU
		{5B0C7056-A03B-40B3-AB04-9CFD1064A81C}.Debug|Any CPU.Build.0 = Debug|Any CPU
		{5B0C7056-A03B-40B3-AB04-9CFD1064A81C}.Release|Any CPU.ActiveCfg = Release|Any CPU
		{5B0C7056-A03B-40B3-AB04-9CFD1064A81C}.Release|Any CPU.Build.0 = Release|Any CPU
	EndGlobalSection
	GlobalSection(SolutionProperties) = preSolution
		HideSolutionNode = FALSE
	EndGlobalSection
	GlobalSection(ExtensibilityGlobals) = postSolution
		SolutionGuid = {69F0DA57-8465-4AA0-B5B4-5654B2C78EB5}
	EndGlobalSection
EndGlobal
